{
  "requires": true,
  "lockfileVersion": 1,
  "dependencies": {
    "jquery": {
      "version": "3.5.1",
      "resolved": "https://registry.npmjs.org/jquery/-/jquery-3.5.1.tgz",
      "integrity": "sha512-XwIBPqcMn57FxfT+Go5pzySnm4KWkT1Tv7gjrpT1srtf8Weynl6R273VJ5GjkRb51IzMp5nbaPjJXMWeju2MKg=="
    },
    "jquery-zoom": {
      "version": "1.7.21",
      "resolved": "https://registry.npmjs.org/jquery-zoom/-/jquery-zoom-1.7.21.tgz",
      "integrity": "sha512-C3aDEt0c4TkPrOPqIs5VAOwBMgitf1I7jEakO15G3QfxdVEivBvUlkiCjfcGQM+FyXdvshpbiEJKDbEdPz2/pw==",
      "requires": {
        "jquery": ">=1.7"
      }
    }
  }
}
